
Microsoft Visual Studio Solution File, Format Version 12.00
# Visual Studio Version 16
VisualStudioVersion = 16.0.28729.10
MinimumVisualStudioVersion = 10.0.40219.1
Project("{FAE04EC0-301F-11D3-BF4B-00C04F79EFBC}") = "AlifLesson8HW04.02", "AlifLesson8HW04.02\AlifLesson8HW04.02.csproj", "{281402EA-DAE9-4817-8AC8-12AAAE5A86CE}"
EndProject
Global
	GlobalSection(SolutionConfigurationPlatforms) = preSolution
		Debug|Any CPU = Debug|Any CPU
		Release|Any CPU = Release|Any CPU
	EndGlobalSection
	GlobalSection(ProjectConfigurationPlatforms) = postSolution
		{281402EA-DAE9-4817-8AC8-12AAAE5A86CE}.Debug|Any CPU.ActiveCfg = Debug|Any CPU
		{281402EA-DAE9-4817-8AC8-12AAAE5A86CE}.Debug|Any CPU.Build.0 = Debug|Any CPU
		{281402EA-DAE9-4817-8AC8-12AAAE5A86CE}.Release|Any CPU.ActiveCfg = Release|Any CPU
		{281402EA-DAE9-4817-8AC8-12AAAE5A86CE}.Release|Any CPU.Build.0 = Release|Any CPU
	EndGlobalSection
	GlobalSection(SolutionProperties) = preSolution
		HideSolutionNode = FALSE
	EndGlobalSection
	GlobalSection(ExtensibilityGlobals) = postSolution
		SolutionGuid = {9F712E18-35C3-4A56-B1A3-AF77B0BE0B68}
	EndGlobalSection
EndGlobal
